// !$*UTF8*$!
{
	archiveVersion = 1;
	classes = {
	};
	objectVersion = 46;
	objects = {

/* Begin PBXBuildFile section */
		11203E5515ADE98600311AD3 /* Sparkle.framework in Frameworks */ = {isa = PBXBuildFile; fileRef = 11203E5415ADE98600311AD3 /* Sparkle.framework */; };
		11203E5615ADE99400311AD3 /* Sparkle.framework in Copy Sparkle.framwork files */ = {isa = PBXBuildFile; fileRef = 11203E5415ADE98600311AD3 /* Sparkle.framework */; };
		1131D16215A9F6D00030AA78 /* INAppStoreWindow.m in Sources */ = {isa = PBXBuildFile; fileRef = 1131D16115A9F6D00030AA78 /* INAppStoreWindow.m */; };
		1131D16F15A9FA5D0030AA78 /* Growl.framework in Copy Growl.framework files */ = {isa = PBXBuildFile; fileRef = 1131D16B15A9F8C30030AA78 /* Growl.framework */; };
		115B0AE815A9B547001EB763 /* libresolv.dylib in Frameworks */ = {isa = PBXBuildFile; fileRef = 115B0AE715A9B546001EB763 /* libresolv.dylib */; };
		115B0AEC15A9B600001EB763 /* chatView.xib in Resources */ = {isa = PBXBuildFile; fileRef = 115B0AEB15A9B600001EB763 /* chatView.xib */; };
		115B0AEE15A9B614001EB763 /* MainMenu.xib in Resources */ = {isa = PBXBuildFile; fileRef = 115B0AED15A9B614001EB763 /* MainMenu.xib */; };
		115B0AF015A9B62A001EB763 /* Credits.rtf in Resources */ = {isa = PBXBuildFile; fileRef = 115B0AEF15A9B62A001EB763 /* Credits.rtf */; };
		118FC00715B2269400B10E4A /* XMPPAttentionModule.m in Sources */ = {isa = PBXBuildFile; fileRef = 118FBFFF15B2269400B10E4A /* XMPPAttentionModule.m */; };
		118FC00815B2269400B10E4A /* XMPPMessage+XEP_0224.m in Sources */ = {isa = PBXBuildFile; fileRef = 118FC00115B2269400B10E4A /* XMPPMessage+XEP_0224.m */; };
		118FC00915B2269400B10E4A /* XMPPPresence+NiceShow.m in Sources */ = {isa = PBXBuildFile; fileRef = 118FC00315B2269400B10E4A /* XMPPPresence+NiceShow.m */; };
		1191633C15A9AECC0021C203 /* Cocoa.framework in Frameworks */ = {isa = PBXBuildFile; fileRef = 1191633B15A9AECC0021C203 /* Cocoa.framework */; };
		119164C115A9AF6A0021C203 /* chat.html in Resources */ = {isa = PBXBuildFile; fileRef = 119164C015A9AF6A0021C203 /* chat.html */; };
		119164C615A9AF740021C203 /* Account.icns in Resources */ = {isa = PBXBuildFile; fileRef = 119164C215A9AF740021C203 /* Account.icns */; };
		119164C715A9AF740021C203 /* Appearence.icns in Resources */ = {isa = PBXBuildFile; fileRef = 119164C315A9AF740021C203 /* Appearence.icns */; };
		119164C815A9AF740021C203 /* Developer.icns in Resources */ = {isa = PBXBuildFile; fileRef = 119164C415A9AF740021C203 /* Developer.icns */; };
		119164C915A9AF740021C203 /* General.icns in Resources */ = {isa = PBXBuildFile; fileRef = 119164C515A9AF740021C203 /* General.icns */; };
		1191651A15A9AFAD0021C203 /* INKeychainAccess.m in Sources */ = {isa = PBXBuildFile; fileRef = 119164CC15A9AFAD0021C203 /* INKeychainAccess.m */; settings = {COMPILER_FLAGS = "-fno-objc-arc"; }; };
		1191651B15A9AFAD0021C203 /* INPopoverController.m in Sources */ = {isa = PBXBuildFile; fileRef = 119164CE15A9AFAD0021C203 /* INPopoverController.m */; settings = {COMPILER_FLAGS = "-fno-objc-arc"; }; };
		1191651C15A9AFAD0021C203 /* INPopoverParentWindow.m in Sources */ = {isa = PBXBuildFile; fileRef = 119164D115A9AFAD0021C203 /* INPopoverParentWindow.m */; settings = {COMPILER_FLAGS = "-fno-objc-arc"; }; };
		1191651D15A9AFAD0021C203 /* INPopoverWindow.m in Sources */ = {isa = PBXBuildFile; fileRef = 119164D315A9AFAD0021C203 /* INPopoverWindow.m */; settings = {COMPILER_FLAGS = "-fno-objc-arc"; }; };
		1191651E15A9AFAD0021C203 /* INPopoverWindowFrame.m in Sources */ = {isa = PBXBuildFile; fileRef = 119164D515A9AFAD0021C203 /* INPopoverWindowFrame.m */; settings = {COMPILER_FLAGS = "-fno-objc-arc"; }; };
		1191651F15A9AFAD0021C203 /* main.m in Sources */ = {isa = PBXBuildFile; fileRef = 119164D615A9AFAD0021C203 /* main.m */; };
		1191652015A9AFAD0021C203 /* NSColor+HexAdditions.m in Sources */ = {isa = PBXBuildFile; fileRef = 119164D815A9AFAD0021C203 /* NSColor+HexAdditions.m */; };
		1191652115A9AFAD0021C203 /* OSPAppDelegate.m in Sources */ = {isa = PBXBuildFile; fileRef = 119164DA15A9AFAD0021C203 /* OSPAppDelegate.m */; };
		1191652215A9AFAD0021C203 /* OSPAutomationController.m in Sources */ = {isa = PBXBuildFile; fileRef = 119164DC15A9AFAD0021C203 /* OSPAutomationController.m */; };
		1191652315A9AFAD0021C203 /* OSPChatController.m in Sources */ = {isa = PBXBuildFile; fileRef = 119164DE15A9AFAD0021C203 /* OSPChatController.m */; };
		1191652415A9AFAD0021C203 /* OSPChatViewController.m in Sources */ = {isa = PBXBuildFile; fileRef = 119164E015A9AFAD0021C203 /* OSPChatViewController.m */; };
		1191652515A9AFAD0021C203 /* OSPConnectedBooleanToTextTransformer.m in Sources */ = {isa = PBXBuildFile; fileRef = 119164E215A9AFAD0021C203 /* OSPConnectedBooleanToTextTransformer.m */; };
		1191652615A9AFAD0021C203 /* OSPConnectionStateToAuthenticatedTransformer.m in Sources */ = {isa = PBXBuildFile; fileRef = 119164E415A9AFAD0021C203 /* OSPConnectionStateToAuthenticatedTransformer.m */; };
		1191652715A9AFAD0021C203 /* OSPConnectionStateToNotAuthenticatedTransformer.m in Sources */ = {isa = PBXBuildFile; fileRef = 119164E615A9AFAD0021C203 /* OSPConnectionStateToNotAuthenticatedTransformer.m */; };
		1191652815A9AFAD0021C203 /* OSPConnectionStateToNotConnectedTransformer.m in Sources */ = {isa = PBXBuildFile; fileRef = 119164E815A9AFAD0021C203 /* OSPConnectionStateToNotConnectedTransformer.m */; };
		1191652915A9AFAD0021C203 /* OSPConnectionStateToStringTransformer.m in Sources */ = {isa = PBXBuildFile; fileRef = 119164EA15A9AFAD0021C203 /* OSPConnectionStateToStringTransformer.m */; };
		1191652A15A9AFAD0021C203 /* OSPCoreDataToNSImageTransformer.m in Sources */ = {isa = PBXBuildFile; fileRef = 119164EC15A9AFAD0021C203 /* OSPCoreDataToNSImageTransformer.m */; };
		1191652B15A9AFAD0021C203 /* OSPNotificationController.m in Sources */ = {isa = PBXBuildFile; fileRef = 119164EE15A9AFAD0021C203 /* OSPNotificationController.m */; };
		1191652C15A9AFAD0021C203 /* OSPPopoverHeaderView.m in Sources */ = {isa = PBXBuildFile; fileRef = 119164F015A9AFAD0021C203 /* OSPPopoverHeaderView.m */; };
		1191652D15A9AFAD0021C203 /* OSPPreferencesController.m in Sources */ = {isa = PBXBuildFile; fileRef = 119164F215A9AFAD0021C203 /* OSPPreferencesController.m */; };
		1191652F15A9AFAD0021C203 /* OSPRosterController.m in Sources */ = {isa = PBXBuildFile; fileRef = 119164F615A9AFAD0021C203 /* OSPRosterController.m */; };
		1191653015A9AFAD0021C203 /* OSPRosterImageCell.m in Sources */ = {isa = PBXBuildFile; fileRef = 119164F815A9AFAD0021C203 /* OSPRosterImageCell.m */; };
		1191653115A9AFAD0021C203 /* OSPRosterTableCellView.m in Sources */ = {isa = PBXBuildFile; fileRef = 119164FA15A9AFAD0021C203 /* OSPRosterTableCellView.m */; };
		1191653215A9AFAD0021C203 /* OSPSecureTextField.m in Sources */ = {isa = PBXBuildFile; fileRef = 119164FC15A9AFAD0021C203 /* OSPSecureTextField.m */; };
		1191653315A9AFAD0021C203 /* OSPSplitView.m in Sources */ = {isa = PBXBuildFile; fileRef = 119164FE15A9AFAD0021C203 /* OSPSplitView.m */; };
		1191653415A9AFAD0021C203 /* OSPStatusController.m in Sources */ = {isa = PBXBuildFile; fileRef = 1191650015A9AFAD0021C203 /* OSPStatusController.m */; };
		1191653515A9AFAD0021C203 /* OSPTableRowView.m in Sources */ = {isa = PBXBuildFile; fileRef = 1191650215A9AFAD0021C203 /* OSPTableRowView.m */; };
		1191653615A9AFAD0021C203 /* OSPTableView.m in Sources */ = {isa = PBXBuildFile; fileRef = 1191650415A9AFAD0021C203 /* OSPTableView.m */; };
		1191653715A9AFAD0021C203 /* OSPTextField.m in Sources */ = {isa = PBXBuildFile; fileRef = 1191650615A9AFAD0021C203 /* OSPTextField.m */; };
		1191653815A9AFAD0021C203 /* OSPTitleBarShadowView.m in Sources */ = {isa = PBXBuildFile; fileRef = 1191650815A9AFAD0021C203 /* OSPTitleBarShadowView.m */; };
		1191653915A9AFAD0021C203 /* OSPTitleBarView.m in Sources */ = {isa = PBXBuildFile; fileRef = 1191650A15A9AFAD0021C203 /* OSPTitleBarView.m */; };
		1191653A15A9AFAD0021C203 /* OSPXMPPResourceToStatusTextTransformer.m in Sources */ = {isa = PBXBuildFile; fileRef = 1191650C15A9AFAD0021C203 /* OSPXMPPResourceToStatusTextTransformer.m */; };
		1191653D15A9AFAD0021C203 /* plus.png in Resources */ = {isa = PBXBuildFile; fileRef = 1191651115A9AFAD0021C203 /* plus.png */; };
		1191654A15A9B1A30021C203 /* Quartz.framework in Frameworks */ = {isa = PBXBuildFile; fileRef = 1191654915A9B1A30021C203 /* Quartz.framework */; };
		1191654C15A9B26F0021C203 /* WebKit.framework in Frameworks */ = {isa = PBXBuildFile; fileRef = 1191654B15A9B26F0021C203 /* WebKit.framework */; };
		1191654E15A9B3400021C203 /* CoreLocation.framework in Frameworks */ = {isa = PBXBuildFile; fileRef = 1191654D15A9B3400021C203 /* CoreLocation.framework */; };
		1191655015A9B3630021C203 /* SystemConfiguration.framework in Frameworks */ = {isa = PBXBuildFile; fileRef = 1191654F15A9B3630021C203 /* SystemConfiguration.framework */; };
		1191655215A9B42D0021C203 /* Security.framework in Frameworks */ = {isa = PBXBuildFile; fileRef = 1191655115A9B42D0021C203 /* Security.framework */; };
		11EA735815B230BF00EF1DC6 /* rosterView.xib in Resources */ = {isa = PBXBuildFile; fileRef = 11EA735715B230BF00EF1DC6 /* rosterView.xib */; };
		11EA735E15B231B100EF1DC6 /* OSPUserCoreDataStorageObject.m in Sources */ = {isa = PBXBuildFile; fileRef = 11EA735D15B231B100EF1DC6 /* OSPUserCoreDataStorageObject.m */; };
		11EA736715B2388E00EF1DC6 /* OSPRosterCoreDataStorage.m in Sources */ = {isa = PBXBuildFile; fileRef = 11EA736615B2388E00EF1DC6 /* OSPRosterCoreDataStorage.m */; };
		11ED0C5C15ADE20600F0930E /* sparklePublicDSAKey.pem in Resources */ = {isa = PBXBuildFile; fileRef = 11ED0C5B15ADE20600F0930E /* sparklePublicDSAKey.pem */; };
/* End PBXBuildFile section */

/* Begin PBXCopyFilesBuildPhase section */
		1131D16E15A9FA4C0030AA78 /* Copy Growl.framework files */ = {
			isa = PBXCopyFilesBuildPhase;
			buildActionMask = 12;
			dstPath = Contents/Frameworks/Growl/1.3;
			dstSubfolderSpec = 10;
			files = (
				1131D16F15A9FA5D0030AA78 /* Growl.framework in Copy Growl.framework files */,
			);
			name = "Copy Growl.framework files";
			runOnlyForDeploymentPostprocessing = 0;
		};
		11ED0C5915ADDF2E00F0930E /* Copy Sparkle.framwork files */ = {
			isa = PBXCopyFilesBuildPhase;
			buildActionMask = 2147483647;
			dstPath = "";
			dstSubfolderSpec = 10;
			files = (
				11203E5615ADE99400311AD3 /* Sparkle.framework in Copy Sparkle.framwork files */,
			);
			name = "Copy Sparkle.framwork files";
			runOnlyForDeploymentPostprocessing = 0;
		};
/* End PBXCopyFilesBuildPhase section */

/* Begin PBXFileReference section */
		11203E5415ADE98600311AD3 /* Sparkle.framework */ = {isa = PBXFileReference; lastKnownFileType = wrapper.framework; name = Sparkle.framework; path = Osprey/Sparkle.framework; sourceTree = "<group>"; };
		1131D16015A9F6D00030AA78 /* INAppStoreWindow.h */ = {isa = PBXFileReference; fileEncoding = 4; lastKnownFileType = sourcecode.c.h; path = INAppStoreWindow.h; sourceTree = "<group>"; };
		1131D16115A9F6D00030AA78 /* INAppStoreWindow.m */ = {isa = PBXFileReference; fileEncoding = 4; lastKnownFileType = sourcecode.c.objc; path = INAppStoreWindow.m; sourceTree = "<group>"; };
		1131D16B15A9F8C30030AA78 /* Growl.framework */ = {isa = PBXFileReference; lastKnownFileType = wrapper.framework; name = Growl.framework; path = Osprey/Growl.framework; sourceTree = "<group>"; };
		115B0AE715A9B546001EB763 /* libresolv.dylib */ = {isa = PBXFileReference; lastKnownFileType = "compiled.mach-o.dylib"; name = libresolv.dylib; path = usr/lib/libresolv.dylib; sourceTree = SDKROOT; };
		115B0AEB15A9B600001EB763 /* chatView.xib */ = {isa = PBXFileReference; fileEncoding = 4; lastKnownFileType = file.xib; path = chatView.xib; sourceTree = "<group>"; };
		115B0AED15A9B614001EB763 /* MainMenu.xib */ = {isa = PBXFileReference; fileEncoding = 4; lastKnownFileType = file.xib; path = MainMenu.xib; sourceTree = "<group>"; };
		115B0AEF15A9B62A001EB763 /* Credits.rtf */ = {isa = PBXFileReference; fileEncoding = 4; lastKnownFileType = text.rtf; path = Credits.rtf; sourceTree = "<group>"; };
		118FBFFE15B2269400B10E4A /* XMPPAttentionModule.h */ = {isa = PBXFileReference; fileEncoding = 4; lastKnownFileType = sourcecode.c.h; name = XMPPAttentionModule.h; path = Osprey/XMPPFrameworkPrivate/XMPPAttentionModule.h; sourceTree = SOURCE_ROOT; };
		118FBFFF15B2269400B10E4A /* XMPPAttentionModule.m */ = {isa = PBXFileReference; fileEncoding = 4; lastKnownFileType = sourcecode.c.objc; name = XMPPAttentionModule.m; path = Osprey/XMPPFrameworkPrivate/XMPPAttentionModule.m; sourceTree = SOURCE_ROOT; };
		118FC00015B2269400B10E4A /* XMPPMessage+XEP_0224.h */ = {isa = PBXFileReference; fileEncoding = 4; lastKnownFileType = sourcecode.c.h; name = "XMPPMessage+XEP_0224.h"; path = "Osprey/XMPPFrameworkPrivate/XMPPMessage+XEP_0224.h"; sourceTree = SOURCE_ROOT; };
		118FC00115B2269400B10E4A /* XMPPMessage+XEP_0224.m */ = {isa = PBXFileReference; fileEncoding = 4; lastKnownFileType = sourcecode.c.objc; name = "XMPPMessage+XEP_0224.m"; path = "Osprey/XMPPFrameworkPrivate/XMPPMessage+XEP_0224.m"; sourceTree = SOURCE_ROOT; };
		118FC00215B2269400B10E4A /* XMPPPresence+NiceShow.h */ = {isa = PBXFileReference; fileEncoding = 4; lastKnownFileType = sourcecode.c.h; name = "XMPPPresence+NiceShow.h"; path = "Osprey/XMPPFrameworkPrivate/XMPPPresence+NiceShow.h"; sourceTree = SOURCE_ROOT; };
		118FC00315B2269400B10E4A /* XMPPPresence+NiceShow.m */ = {isa = PBXFileReference; fileEncoding = 4; lastKnownFileType = sourcecode.c.objc; name = "XMPPPresence+NiceShow.m"; path = "Osprey/XMPPFrameworkPrivate/XMPPPresence+NiceShow.m"; sourceTree = SOURCE_ROOT; };
		1191633715A9AECC0021C203 /* Osprey.app */ = {isa = PBXFileReference; explicitFileType = wrapper.application; includeInIndex = 0; path = Osprey.app; sourceTree = BUILT_PRODUCTS_DIR; };
		1191633B15A9AECC0021C203 /* Cocoa.framework */ = {isa = PBXFileReference; lastKnownFileType = wrapper.framework; name = Cocoa.framework; path = System/Library/Frameworks/Cocoa.framework; sourceTree = SDKROOT; };
		1191633E15A9AECC0021C203 /* AppKit.framework */ = {isa = PBXFileReference; lastKnownFileType = wrapper.framework; name = AppKit.framework; path = System/Library/Frameworks/AppKit.framework; sourceTree = SDKROOT; };
		1191633F15A9AECC0021C203 /* CoreData.framework */ = {isa = PBXFileReference; lastKnownFileType = wrapper.framework; name = CoreData.framework; path = System/Library/Frameworks/CoreData.framework; sourceTree = SDKROOT; };
		1191634015A9AECC0021C203 /* Foundation.framework */ = {isa = PBXFileReference; lastKnownFileType = wrapper.framework; name = Foundation.framework; path = System/Library/Frameworks/Foundation.framework; sourceTree = SDKROOT; };
		119164C015A9AF6A0021C203 /* chat.html */ = {isa = PBXFileReference; fileEncoding = 4; lastKnownFileType = text.html; path = chat.html; sourceTree = "<group>"; };
		119164C215A9AF740021C203 /* Account.icns */ = {isa = PBXFileReference; lastKnownFileType = image.icns; path = Account.icns; sourceTree = "<group>"; };
		119164C315A9AF740021C203 /* Appearence.icns */ = {isa = PBXFileReference; lastKnownFileType = image.icns; path = Appearence.icns; sourceTree = "<group>"; };
		119164C415A9AF740021C203 /* Developer.icns */ = {isa = PBXFileReference; lastKnownFileType = image.icns; path = Developer.icns; sourceTree = "<group>"; };
		119164C515A9AF740021C203 /* General.icns */ = {isa = PBXFileReference; lastKnownFileType = image.icns; path = General.icns; sourceTree = "<group>"; };
		119164CB15A9AFAD0021C203 /* INKeychainAccess.h */ = {isa = PBXFileReference; fileEncoding = 4; lastKnownFileType = sourcecode.c.h; path = INKeychainAccess.h; sourceTree = "<group>"; };
		119164CC15A9AFAD0021C203 /* INKeychainAccess.m */ = {isa = PBXFileReference; fileEncoding = 4; lastKnownFileType = sourcecode.c.objc; path = INKeychainAccess.m; sourceTree = "<group>"; };
		119164CD15A9AFAD0021C203 /* INPopoverController.h */ = {isa = PBXFileReference; fileEncoding = 4; lastKnownFileType = sourcecode.c.h; path = INPopoverController.h; sourceTree = "<group>"; };
		119164CE15A9AFAD0021C203 /* INPopoverController.m */ = {isa = PBXFileReference; fileEncoding = 4; lastKnownFileType = sourcecode.c.objc; path = INPopoverController.m; sourceTree = "<group>"; };
		119164CF15A9AFAD0021C203 /* INPopoverControllerDefines.h */ = {isa = PBXFileReference; fileEncoding = 4; lastKnownFileType = sourcecode.c.h; path = INPopoverControllerDefines.h; sourceTree = "<group>"; };
		119164D015A9AFAD0021C203 /* INPopoverParentWindow.h */ = {isa = PBXFileReference; fileEncoding = 4; lastKnownFileType = sourcecode.c.h; path = INPopoverParentWindow.h; sourceTree = "<group>"; };
		119164D115A9AFAD0021C203 /* INPopoverParentWindow.m */ = {isa = PBXFileReference; fileEncoding = 4; lastKnownFileType = sourcecode.c.objc; path = INPopoverParentWindow.m; sourceTree = "<group>"; };
		119164D215A9AFAD0021C203 /* INPopoverWindow.h */ = {isa = PBXFileReference; fileEncoding = 4; lastKnownFileType = sourcecode.c.h; path = INPopoverWindow.h; sourceTree = "<group>"; };
		119164D315A9AFAD0021C203 /* INPopoverWindow.m */ = {isa = PBXFileReference; fileEncoding = 4; lastKnownFileType = sourcecode.c.objc; path = INPopoverWindow.m; sourceTree = "<group>"; };
		119164D415A9AFAD0021C203 /* INPopoverWindowFrame.h */ = {isa = PBXFileReference; fileEncoding = 4; lastKnownFileType = sourcecode.c.h; path = INPopoverWindowFrame.h; sourceTree = "<group>"; };
		119164D515A9AFAD0021C203 /* INPopoverWindowFrame.m */ = {isa = PBXFileReference; fileEncoding = 4; lastKnownFileType = sourcecode.c.objc; path = INPopoverWindowFrame.m; sourceTree = "<group>"; };
		119164D615A9AFAD0021C203 /* main.m */ = {isa = PBXFileReference; fileEncoding = 4; lastKnownFileType = sourcecode.c.objc; path = main.m; sourceTree = "<group>"; };
		119164D715A9AFAD0021C203 /* NSColor+HexAdditions.h */ = {isa = PBXFileReference; fileEncoding = 4; lastKnownFileType = sourcecode.c.h; path = "NSColor+HexAdditions.h"; sourceTree = "<group>"; };
		119164D815A9AFAD0021C203 /* NSColor+HexAdditions.m */ = {isa = PBXFileReference; fileEncoding = 4; lastKnownFileType = sourcecode.c.objc; path = "NSColor+HexAdditions.m"; sourceTree = "<group>"; };
		119164D915A9AFAD0021C203 /* OSPAppDelegate.h */ = {isa = PBXFileReference; fileEncoding = 4; lastKnownFileType = sourcecode.c.h; path = OSPAppDelegate.h; sourceTree = "<group>"; };
		119164DA15A9AFAD0021C203 /* OSPAppDelegate.m */ = {isa = PBXFileReference; fileEncoding = 4; lastKnownFileType = sourcecode.c.objc; path = OSPAppDelegate.m; sourceTree = "<group>"; };
		119164DB15A9AFAD0021C203 /* OSPAutomationController.h */ = {isa = PBXFileReference; fileEncoding = 4; lastKnownFileType = sourcecode.c.h; path = OSPAutomationController.h; sourceTree = "<group>"; };
		119164DC15A9AFAD0021C203 /* OSPAutomationController.m */ = {isa = PBXFileReference; fileEncoding = 4; lastKnownFileType = sourcecode.c.objc; path = OSPAutomationController.m; sourceTree = "<group>"; };
		119164DD15A9AFAD0021C203 /* OSPChatController.h */ = {isa = PBXFileReference; fileEncoding = 4; lastKnownFileType = sourcecode.c.h; path = OSPChatController.h; sourceTree = "<group>"; };
		119164DE15A9AFAD0021C203 /* OSPChatController.m */ = {isa = PBXFileReference; fileEncoding = 4; lastKnownFileType = sourcecode.c.objc; path = OSPChatController.m; sourceTree = "<group>"; };
		119164DF15A9AFAD0021C203 /* OSPChatViewController.h */ = {isa = PBXFileReference; fileEncoding = 4; lastKnownFileType = sourcecode.c.h; path = OSPChatViewController.h; sourceTree = "<group>"; };
		119164E015A9AFAD0021C203 /* OSPChatViewController.m */ = {isa = PBXFileReference; fileEncoding = 4; lastKnownFileType = sourcecode.c.objc; path = OSPChatViewController.m; sourceTree = "<group>"; };
		119164E115A9AFAD0021C203 /* OSPConnectedBooleanToTextTransformer.h */ = {isa = PBXFileReference; fileEncoding = 4; lastKnownFileType = sourcecode.c.h; path = OSPConnectedBooleanToTextTransformer.h; sourceTree = "<group>"; };
		119164E215A9AFAD0021C203 /* OSPConnectedBooleanToTextTransformer.m */ = {isa = PBXFileReference; fileEncoding = 4; lastKnownFileType = sourcecode.c.objc; path = OSPConnectedBooleanToTextTransformer.m; sourceTree = "<group>"; };
		119164E315A9AFAD0021C203 /* OSPConnectionStateToAuthenticatedTransformer.h */ = {isa = PBXFileReference; fileEncoding = 4; lastKnownFileType = sourcecode.c.h; path = OSPConnectionStateToAuthenticatedTransformer.h; sourceTree = "<group>"; };
		119164E415A9AFAD0021C203 /* OSPConnectionStateToAuthenticatedTransformer.m */ = {isa = PBXFileReference; fileEncoding = 4; lastKnownFileType = sourcecode.c.objc; path = OSPConnectionStateToAuthenticatedTransformer.m; sourceTree = "<group>"; };
		119164E515A9AFAD0021C203 /* OSPConnectionStateToNotAuthenticatedTransformer.h */ = {isa = PBXFileReference; fileEncoding = 4; lastKnownFileType = sourcecode.c.h; path = OSPConnectionStateToNotAuthenticatedTransformer.h; sourceTree = "<group>"; };
		119164E615A9AFAD0021C203 /* OSPConnectionStateToNotAuthenticatedTransformer.m */ = {isa = PBXFileReference; fileEncoding = 4; lastKnownFileType = sourcecode.c.objc; path = OSPConnectionStateToNotAuthenticatedTransformer.m; sourceTree = "<group>"; };
		119164E715A9AFAD0021C203 /* OSPConnectionStateToNotConnectedTransformer.h */ = {isa = PBXFileReference; fileEncoding = 4; lastKnownFileType = sourcecode.c.h; path = OSPConnectionStateToNotConnectedTransformer.h; sourceTree = "<group>"; };
		119164E815A9AFAD0021C203 /* OSPConnectionStateToNotConnectedTransformer.m */ = {isa = PBXFileReference; fileEncoding = 4; lastKnownFileType = sourcecode.c.objc; path = OSPConnectionStateToNotConnectedTransformer.m; sourceTree = "<group>"; };
		119164E915A9AFAD0021C203 /* OSPConnectionStateToStringTransformer.h */ = {isa = PBXFileReference; fileEncoding = 4; lastKnownFileType = sourcecode.c.h; path = OSPConnectionStateToStringTransformer.h; sourceTree = "<group>"; };
		119164EA15A9AFAD0021C203 /* OSPConnectionStateToStringTransformer.m */ = {isa = PBXFileReference; fileEncoding = 4; lastKnownFileType = sourcecode.c.objc; path = OSPConnectionStateToStringTransformer.m; sourceTree = "<group>"; };
		119164EB15A9AFAD0021C203 /* OSPCoreDataToNSImageTransformer.h */ = {isa = PBXFileReference; fileEncoding = 4; lastKnownFileType = sourcecode.c.h; path = OSPCoreDataToNSImageTransformer.h; sourceTree = "<group>"; };
		119164EC15A9AFAD0021C203 /* OSPCoreDataToNSImageTransformer.m */ = {isa = PBXFileReference; fileEncoding = 4; lastKnownFileType = sourcecode.c.objc; path = OSPCoreDataToNSImageTransformer.m; sourceTree = "<group>"; };
		119164ED15A9AFAD0021C203 /* OSPNotificationController.h */ = {isa = PBXFileReference; fileEncoding = 4; lastKnownFileType = sourcecode.c.h; path = OSPNotificationController.h; sourceTree = "<group>"; };
		119164EE15A9AFAD0021C203 /* OSPNotificationController.m */ = {isa = PBXFileReference; fileEncoding = 4; lastKnownFileType = sourcecode.c.objc; path = OSPNotificationController.m; sourceTree = "<group>"; };
		119164EF15A9AFAD0021C203 /* OSPPopoverHeaderView.h */ = {isa = PBXFileReference; fileEncoding = 4; lastKnownFileType = sourcecode.c.h; path = OSPPopoverHeaderView.h; sourceTree = "<group>"; };
		119164F015A9AFAD0021C203 /* OSPPopoverHeaderView.m */ = {isa = PBXFileReference; fileEncoding = 4; lastKnownFileType = sourcecode.c.objc; path = OSPPopoverHeaderView.m; sourceTree = "<group>"; };
		119164F115A9AFAD0021C203 /* OSPPreferencesController.h */ = {isa = PBXFileReference; fileEncoding = 4; lastKnownFileType = sourcecode.c.h; path = OSPPreferencesController.h; sourceTree = "<group>"; };
		119164F215A9AFAD0021C203 /* OSPPreferencesController.m */ = {isa = PBXFileReference; fileEncoding = 4; lastKnownFileType = sourcecode.c.objc; path = OSPPreferencesController.m; sourceTree = "<group>"; };
		119164F315A9AFAD0021C203 /* Info.plist */ = {isa = PBXFileReference; fileEncoding = 4; lastKnownFileType = text.plist.xml; path = Info.plist; sourceTree = "<group>"; };
		119164F415A9AFAD0021C203 /* Osprey-Prefix.pch */ = {isa = PBXFileReference; fileEncoding = 4; lastKnownFileType = sourcecode.c.h; path = "Osprey-Prefix.pch"; sourceTree = "<group>"; };
		119164F515A9AFAD0021C203 /* OSPRosterController.h */ = {isa = PBXFileReference; fileEncoding = 4; lastKnownFileType = sourcecode.c.h; path = OSPRosterController.h; sourceTree = "<group>"; };
		119164F615A9AFAD0021C203 /* OSPRosterController.m */ = {isa = PBXFileReference; fileEncoding = 4; lastKnownFileType = sourcecode.c.objc; path = OSPRosterController.m; sourceTree = "<group>"; };
		119164F715A9AFAD0021C203 /* OSPRosterImageCell.h */ = {isa = PBXFileReference; fileEncoding = 4; lastKnownFileType = sourcecode.c.h; path = OSPRosterImageCell.h; sourceTree = "<group>"; };
		119164F815A9AFAD0021C203 /* OSPRosterImageCell.m */ = {isa = PBXFileReference; fileEncoding = 4; lastKnownFileType = sourcecode.c.objc; path = OSPRosterImageCell.m; sourceTree = "<group>"; };
		119164F915A9AFAD0021C203 /* OSPRosterTableCellView.h */ = {isa = PBXFileReference; fileEncoding = 4; lastKnownFileType = sourcecode.c.h; path = OSPRosterTableCellView.h; sourceTree = "<group>"; };
		119164FA15A9AFAD0021C203 /* OSPRosterTableCellView.m */ = {isa = PBXFileReference; fileEncoding = 4; lastKnownFileType = sourcecode.c.objc; path = OSPRosterTableCellView.m; sourceTree = "<group>"; };
		119164FB15A9AFAD0021C203 /* OSPSecureTextField.h */ = {isa = PBXFileReference; fileEncoding = 4; lastKnownFileType = sourcecode.c.h; path = OSPSecureTextField.h; sourceTree = "<group>"; };
		119164FC15A9AFAD0021C203 /* OSPSecureTextField.m */ = {isa = PBXFileReference; fileEncoding = 4; lastKnownFileType = sourcecode.c.objc; path = OSPSecureTextField.m; sourceTree = "<group>"; };
		119164FD15A9AFAD0021C203 /* OSPSplitView.h */ = {isa = PBXFileReference; fileEncoding = 4; lastKnownFileType = sourcecode.c.h; path = OSPSplitView.h; sourceTree = "<group>"; };
		119164FE15A9AFAD0021C203 /* OSPSplitView.m */ = {isa = PBXFileReference; fileEncoding = 4; lastKnownFileType = sourcecode.c.objc; path = OSPSplitView.m; sourceTree = "<group>"; };
		119164FF15A9AFAD0021C203 /* OSPStatusController.h */ = {isa = PBXFileReference; fileEncoding = 4; lastKnownFileType = sourcecode.c.h; path = OSPStatusController.h; sourceTree = "<group>"; };
		1191650015A9AFAD0021C203 /* OSPStatusController.m */ = {isa = PBXFileReference; fileEncoding = 4; lastKnownFileType = sourcecode.c.objc; path = OSPStatusController.m; sourceTree = "<group>"; };
		1191650115A9AFAD0021C203 /* OSPTableRowView.h */ = {isa = PBXFileReference; fileEncoding = 4; lastKnownFileType = sourcecode.c.h; path = OSPTableRowView.h; sourceTree = "<group>"; };
		1191650215A9AFAD0021C203 /* OSPTableRowView.m */ = {isa = PBXFileReference; fileEncoding = 4; lastKnownFileType = sourcecode.c.objc; path = OSPTableRowView.m; sourceTree = "<group>"; };
		1191650315A9AFAD0021C203 /* OSPTableView.h */ = {isa = PBXFileReference; fileEncoding = 4; lastKnownFileType = sourcecode.c.h; path = OSPTableView.h; sourceTree = "<group>"; };
		1191650415A9AFAD0021C203 /* OSPTableView.m */ = {isa = PBXFileReference; fileEncoding = 4; lastKnownFileType = sourcecode.c.objc; path = OSPTableView.m; sourceTree = "<group>"; };
		1191650515A9AFAD0021C203 /* OSPTextField.h */ = {isa = PBXFileReference; fileEncoding = 4; lastKnownFileType = sourcecode.c.h; path = OSPTextField.h; sourceTree = "<group>"; };
		1191650615A9AFAD0021C203 /* OSPTextField.m */ = {isa = PBXFileReference; fileEncoding = 4; lastKnownFileType = sourcecode.c.objc; path = OSPTextField.m; sourceTree = "<group>"; };
		1191650715A9AFAD0021C203 /* OSPTitleBarShadowView.h */ = {isa = PBXFileReference; fileEncoding = 4; lastKnownFileType = sourcecode.c.h; path = OSPTitleBarShadowView.h; sourceTree = "<group>"; };
		1191650815A9AFAD0021C203 /* OSPTitleBarShadowView.m */ = {isa = PBXFileReference; fileEncoding = 4; lastKnownFileType = sourcecode.c.objc; path = OSPTitleBarShadowView.m; sourceTree = "<group>"; };
		1191650915A9AFAD0021C203 /* OSPTitleBarView.h */ = {isa = PBXFileReference; fileEncoding = 4; lastKnownFileType = sourcecode.c.h; path = OSPTitleBarView.h; sourceTree = "<group>"; };
		1191650A15A9AFAD0021C203 /* OSPTitleBarView.m */ = {isa = PBXFileReference; fileEncoding = 4; lastKnownFileType = sourcecode.c.objc; path = OSPTitleBarView.m; sourceTree = "<group>"; };
		1191650B15A9AFAD0021C203 /* OSPXMPPResourceToStatusTextTransformer.h */ = {isa = PBXFileReference; fileEncoding = 4; lastKnownFileType = sourcecode.c.h; path = OSPXMPPResourceToStatusTextTransformer.h; sourceTree = "<group>"; };
		1191650C15A9AFAD0021C203 /* OSPXMPPResourceToStatusTextTransformer.m */ = {isa = PBXFileReference; fileEncoding = 4; lastKnownFileType = sourcecode.c.objc; path = OSPXMPPResourceToStatusTextTransformer.m; sourceTree = "<group>"; };
		1191651115A9AFAD0021C203 /* plus.png */ = {isa = PBXFileReference; lastKnownFileType = image.png; path = plus.png; sourceTree = "<group>"; };
		1191651315A9AFAD0021C203 /* Types.h */ = {isa = PBXFileReference; fileEncoding = 4; lastKnownFileType = sourcecode.c.h; path = Types.h; sourceTree = "<group>"; };
		1191654915A9B1A30021C203 /* Quartz.framework */ = {isa = PBXFileReference; lastKnownFileType = wrapper.framework; name = Quartz.framework; path = System/Library/Frameworks/Quartz.framework; sourceTree = SDKROOT; };
		1191654B15A9B26F0021C203 /* WebKit.framework */ = {isa = PBXFileReference; lastKnownFileType = wrapper.framework; name = WebKit.framework; path = System/Library/Frameworks/WebKit.framework; sourceTree = SDKROOT; };
		1191654D15A9B3400021C203 /* CoreLocation.framework */ = {isa = PBXFileReference; lastKnownFileType = wrapper.framework; name = CoreLocation.framework; path = System/Library/Frameworks/CoreLocation.framework; sourceTree = SDKROOT; };
		1191654F15A9B3630021C203 /* SystemConfiguration.framework */ = {isa = PBXFileReference; lastKnownFileType = wrapper.framework; name = SystemConfiguration.framework; path = System/Library/Frameworks/SystemConfiguration.framework; sourceTree = SDKROOT; };
		1191655115A9B42D0021C203 /* Security.framework */ = {isa = PBXFileReference; lastKnownFileType = wrapper.framework; name = Security.framework; path = System/Library/Frameworks/Security.framework; sourceTree = SDKROOT; };
		11EA735715B230BF00EF1DC6 /* rosterView.xib */ = {isa = PBXFileReference; fileEncoding = 4; lastKnownFileType = file.xib; path = rosterView.xib; sourceTree = "<group>"; };
		11EA735C15B231B100EF1DC6 /* OSPUserCoreDataStorageObject.h */ = {isa = PBXFileReference; fileEncoding = 4; lastKnownFileType = sourcecode.c.h; name = OSPUserCoreDataStorageObject.h; path = Osprey/OSPUserCoreDataStorageObject.h; sourceTree = SOURCE_ROOT; };
		11EA735D15B231B100EF1DC6 /* OSPUserCoreDataStorageObject.m */ = {isa = PBXFileReference; fileEncoding = 4; lastKnownFileType = sourcecode.c.objc; name = OSPUserCoreDataStorageObject.m; path = Osprey/OSPUserCoreDataStorageObject.m; sourceTree = SOURCE_ROOT; };
		11EA736515B2388E00EF1DC6 /* OSPRosterCoreDataStorage.h */ = {isa = PBXFileReference; fileEncoding = 4; lastKnownFileType = sourcecode.c.h; name = OSPRosterCoreDataStorage.h; path = Osprey/OSPRosterCoreDataStorage.h; sourceTree = SOURCE_ROOT; };
		11EA736615B2388E00EF1DC6 /* OSPRosterCoreDataStorage.m */ = {isa = PBXFileReference; fileEncoding = 4; lastKnownFileType = sourcecode.c.objc; name = OSPRosterCoreDataStorage.m; path = Osprey/OSPRosterCoreDataStorage.m; sourceTree = SOURCE_ROOT; };
		11ED0C5B15ADE20600F0930E /* sparklePublicDSAKey.pem */ = {isa = PBXFileReference; fileEncoding = 4; lastKnownFileType = text; path = sparklePublicDSAKey.pem; sourceTree = "<group>"; };
/* End PBXFileReference section */

/* Begin PBXFrameworksBuildPhase section */
		1191633415A9AECC0021C203 /* Frameworks */ = {
			isa = PBXFrameworksBuildPhase;
			buildActionMask = 2147483647;
			files = (
				115B0AE815A9B547001EB763 /* libresolv.dylib in Frameworks */,
				1191655215A9B42D0021C203 /* Security.framework in Frameworks */,
				1191655015A9B3630021C203 /* SystemConfiguration.framework in Frameworks */,
				1191654E15A9B3400021C203 /* CoreLocation.framework in Frameworks */,
				1191654C15A9B26F0021C203 /* WebKit.framework in Frameworks */,
				1191654A15A9B1A30021C203 /* Quartz.framework in Frameworks */,
				1191633C15A9AECC0021C203 /* Cocoa.framework in Frameworks */,
				11203E5515ADE98600311AD3 /* Sparkle.framework in Frameworks */,
			);
			runOnlyForDeploymentPostprocessing = 0;
		};
/* End PBXFrameworksBuildPhase section */

/* Begin PBXGroup section */
		118FBFEE15B2249100B10E4A /* XMPPFrameworkPrivate */ = {
			isa = PBXGroup;
			children = (
				11EA736915B23B5200EF1DC6 /* CoreDataStorgae */,
				11EA736815B23B4400EF1DC6 /* XEP-0224 */,
			);
			name = XMPPFrameworkPrivate;
			path = XMPPFramework;
			sourceTree = "<group>";
		};
		1191632C15A9AECC0021C203 = {
			isa = PBXGroup;
			children = (
				1191634115A9AECC0021C203 /* Osprey */,
				1191633A15A9AECC0021C203 /* Frameworks */,
				1191633815A9AECC0021C203 /* Products */,
			);
			sourceTree = "<group>";
		};
		1191633815A9AECC0021C203 /* Products */ = {
			isa = PBXGroup;
			children = (
				1191633715A9AECC0021C203 /* Osprey.app */,
			);
			name = Products;
			sourceTree = "<group>";
		};
		1191633A15A9AECC0021C203 /* Frameworks */ = {
			isa = PBXGroup;
			children = (
				11203E5415ADE98600311AD3 /* Sparkle.framework */,
				1131D16B15A9F8C30030AA78 /* Growl.framework */,
				115B0AE715A9B546001EB763 /* libresolv.dylib */,
				1191655115A9B42D0021C203 /* Security.framework */,
				1191654F15A9B3630021C203 /* SystemConfiguration.framework */,
				1191654D15A9B3400021C203 /* CoreLocation.framework */,
				1191654B15A9B26F0021C203 /* WebKit.framework */,
				1191654915A9B1A30021C203 /* Quartz.framework */,
				1191633E15A9AECC0021C203 /* AppKit.framework */,
				1191633F15A9AECC0021C203 /* CoreData.framework */,
				1191634015A9AECC0021C203 /* Foundation.framework */,
				1191633B15A9AECC0021C203 /* Cocoa.framework */,
				1191633D15A9AECC0021C203 /* Other Frameworks */,
			);
			name = Frameworks;
			sourceTree = "<group>";
		};
		1191633D15A9AECC0021C203 /* Other Frameworks */ = {
			isa = PBXGroup;
			children = (
			);
			name = "Other Frameworks";
			sourceTree = "<group>";
		};
		1191634115A9AECC0021C203 /* Osprey */ = {
			isa = PBXGroup;
			children = (
				118FBFEE15B2249100B10E4A /* XMPPFrameworkPrivate */,
				1191654715A9AFFC0021C203 /* Categories */,
				1191654515A9AFCF0021C203 /* Subclasses */,
				1191654415A9AFC80021C203 /* Transformer */,
				1191654315A9AFC10021C203 /* Controller */,
				1191654215A9AFB40021C203 /* Vendor */,
				119164BF15A9AF5C0021C203 /* Interface */,
				119164BD15A9AF310021C203 /* Resources */,
			);
			path = Osprey;
			sourceTree = "<group>";
		};
		119164BD15A9AF310021C203 /* Resources */ = {
			isa = PBXGroup;
			children = (
				1191654615A9AFE70021C203 /* Misc */,
				119164BE15A9AF4C0021C203 /* Images */,
			);
			name = Resources;
			sourceTree = "<group>";
		};
		119164BE15A9AF4C0021C203 /* Images */ = {
			isa = PBXGroup;
			children = (
				1191651115A9AFAD0021C203 /* plus.png */,
				119164C215A9AF740021C203 /* Account.icns */,
				119164C315A9AF740021C203 /* Appearence.icns */,
				119164C415A9AF740021C203 /* Developer.icns */,
				119164C515A9AF740021C203 /* General.icns */,
			);
			name = Images;
			sourceTree = "<group>";
		};
		119164BF15A9AF5C0021C203 /* Interface */ = {
			isa = PBXGroup;
			children = (
				115B0AEB15A9B600001EB763 /* chatView.xib */,
				11EA735715B230BF00EF1DC6 /* rosterView.xib */,
				115B0AED15A9B614001EB763 /* MainMenu.xib */,
				119164C015A9AF6A0021C203 /* chat.html */,
			);
			name = Interface;
			sourceTree = "<group>";
		};
		1191654215A9AFB40021C203 /* Vendor */ = {
			isa = PBXGroup;
			children = (
				1131D16015A9F6D00030AA78 /* INAppStoreWindow.h */,
				1131D16115A9F6D00030AA78 /* INAppStoreWindow.m */,
				119164CB15A9AFAD0021C203 /* INKeychainAccess.h */,
				119164CC15A9AFAD0021C203 /* INKeychainAccess.m */,
				119164CD15A9AFAD0021C203 /* INPopoverController.h */,
				119164CE15A9AFAD0021C203 /* INPopoverController.m */,
				119164CF15A9AFAD0021C203 /* INPopoverControllerDefines.h */,
				119164D015A9AFAD0021C203 /* INPopoverParentWindow.h */,
				119164D115A9AFAD0021C203 /* INPopoverParentWindow.m */,
				119164D215A9AFAD0021C203 /* INPopoverWindow.h */,
				119164D315A9AFAD0021C203 /* INPopoverWindow.m */,
				119164D415A9AFAD0021C203 /* INPopoverWindowFrame.h */,
				119164D515A9AFAD0021C203 /* INPopoverWindowFrame.m */,
			);
			name = Vendor;
			sourceTree = "<group>";
		};
		1191654315A9AFC10021C203 /* Controller */ = {
			isa = PBXGroup;
			children = (
				119164D915A9AFAD0021C203 /* OSPAppDelegate.h */,
				119164DA15A9AFAD0021C203 /* OSPAppDelegate.m */,
				119164FF15A9AFAD0021C203 /* OSPStatusController.h */,
				1191650015A9AFAD0021C203 /* OSPStatusController.m */,
				119164F515A9AFAD0021C203 /* OSPRosterController.h */,
				119164F615A9AFAD0021C203 /* OSPRosterController.m */,
				119164F115A9AFAD0021C203 /* OSPPreferencesController.h */,
				119164F215A9AFAD0021C203 /* OSPPreferencesController.m */,
				119164ED15A9AFAD0021C203 /* OSPNotificationController.h */,
				119164EE15A9AFAD0021C203 /* OSPNotificationController.m */,
				119164DB15A9AFAD0021C203 /* OSPAutomationController.h */,
				119164DC15A9AFAD0021C203 /* OSPAutomationController.m */,
				119164DD15A9AFAD0021C203 /* OSPChatController.h */,
				119164DE15A9AFAD0021C203 /* OSPChatController.m */,
				119164DF15A9AFAD0021C203 /* OSPChatViewController.h */,
				119164E015A9AFAD0021C203 /* OSPChatViewController.m */,
			);
			name = Controller;
			sourceTree = "<group>";
		};
		1191654415A9AFC80021C203 /* Transformer */ = {
			isa = PBXGroup;
			children = (
				1191650B15A9AFAD0021C203 /* OSPXMPPResourceToStatusTextTransformer.h */,
				1191650C15A9AFAD0021C203 /* OSPXMPPResourceToStatusTextTransformer.m */,
				119164E115A9AFAD0021C203 /* OSPConnectedBooleanToTextTransformer.h */,
				119164E215A9AFAD0021C203 /* OSPConnectedBooleanToTextTransformer.m */,
				119164E315A9AFAD0021C203 /* OSPConnectionStateToAuthenticatedTransformer.h */,
				119164E415A9AFAD0021C203 /* OSPConnectionStateToAuthenticatedTransformer.m */,
				119164E515A9AFAD0021C203 /* OSPConnectionStateToNotAuthenticatedTransformer.h */,
				119164E615A9AFAD0021C203 /* OSPConnectionStateToNotAuthenticatedTransformer.m */,
				119164E715A9AFAD0021C203 /* OSPConnectionStateToNotConnectedTransformer.h */,
				119164E815A9AFAD0021C203 /* OSPConnectionStateToNotConnectedTransformer.m */,
				119164E915A9AFAD0021C203 /* OSPConnectionStateToStringTransformer.h */,
				119164EA15A9AFAD0021C203 /* OSPConnectionStateToStringTransformer.m */,
				119164EB15A9AFAD0021C203 /* OSPCoreDataToNSImageTransformer.h */,
				119164EC15A9AFAD0021C203 /* OSPCoreDataToNSImageTransformer.m */,
			);
			name = Transformer;
			sourceTree = "<group>";
		};
		1191654515A9AFCF0021C203 /* Subclasses */ = {
			isa = PBXGroup;
			children = (
				1191650115A9AFAD0021C203 /* OSPTableRowView.h */,
				1191650215A9AFAD0021C203 /* OSPTableRowView.m */,
				1191650315A9AFAD0021C203 /* OSPTableView.h */,
				1191650415A9AFAD0021C203 /* OSPTableView.m */,
				1191650515A9AFAD0021C203 /* OSPTextField.h */,
				1191650615A9AFAD0021C203 /* OSPTextField.m */,
				1191650715A9AFAD0021C203 /* OSPTitleBarShadowView.h */,
				1191650815A9AFAD0021C203 /* OSPTitleBarShadowView.m */,
				1191650915A9AFAD0021C203 /* OSPTitleBarView.h */,
				1191650A15A9AFAD0021C203 /* OSPTitleBarView.m */,
				119164F715A9AFAD0021C203 /* OSPRosterImageCell.h */,
				119164F815A9AFAD0021C203 /* OSPRosterImageCell.m */,
				119164F915A9AFAD0021C203 /* OSPRosterTableCellView.h */,
				119164FA15A9AFAD0021C203 /* OSPRosterTableCellView.m */,
				119164FB15A9AFAD0021C203 /* OSPSecureTextField.h */,
				119164FC15A9AFAD0021C203 /* OSPSecureTextField.m */,
				119164FD15A9AFAD0021C203 /* OSPSplitView.h */,
				119164FE15A9AFAD0021C203 /* OSPSplitView.m */,
				119164EF15A9AFAD0021C203 /* OSPPopoverHeaderView.h */,
				119164F015A9AFAD0021C203 /* OSPPopoverHeaderView.m */,
			);
			name = Subclasses;
			sourceTree = "<group>";
		};
		1191654615A9AFE70021C203 /* Misc */ = {
			isa = PBXGroup;
			children = (
				11ED0C5B15ADE20600F0930E /* sparklePublicDSAKey.pem */,
				119164D615A9AFAD0021C203 /* main.m */,
				119164F315A9AFAD0021C203 /* Info.plist */,
				119164F415A9AFAD0021C203 /* Osprey-Prefix.pch */,
				1191651315A9AFAD0021C203 /* Types.h */,
				115B0AEF15A9B62A001EB763 /* Credits.rtf */,
			);
			name = Misc;
			sourceTree = "<group>";
		};
		1191654715A9AFFC0021C203 /* Categories */ = {
			isa = PBXGroup;
			children = (
				119164D715A9AFAD0021C203 /* NSColor+HexAdditions.h */,
				119164D815A9AFAD0021C203 /* NSColor+HexAdditions.m */,
			);
			name = Categories;
			sourceTree = "<group>";
		};
		11EA736815B23B4400EF1DC6 /* XEP-0224 */ = {
			isa = PBXGroup;
			children = (
				118FBFFE15B2269400B10E4A /* XMPPAttentionModule.h */,
				118FBFFF15B2269400B10E4A /* XMPPAttentionModule.m */,
				118FC00015B2269400B10E4A /* XMPPMessage+XEP_0224.h */,
				118FC00115B2269400B10E4A /* XMPPMessage+XEP_0224.m */,
				118FC00215B2269400B10E4A /* XMPPPresence+NiceShow.h */,
				118FC00315B2269400B10E4A /* XMPPPresence+NiceShow.m */,
			);
			name = "XEP-0224";
			sourceTree = "<group>";
		};
		11EA736915B23B5200EF1DC6 /* CoreDataStorgae */ = {
			isa = PBXGroup;
			children = (
				11EA736515B2388E00EF1DC6 /* OSPRosterCoreDataStorage.h */,
				11EA736615B2388E00EF1DC6 /* OSPRosterCoreDataStorage.m */,
				11EA735C15B231B100EF1DC6 /* OSPUserCoreDataStorageObject.h */,
				11EA735D15B231B100EF1DC6 /* OSPUserCoreDataStorageObject.m */,
			);
			name = CoreDataStorgae;
			sourceTree = "<group>";
		};
/* End PBXGroup section */

/* Begin PBXNativeTarget section */
		1191633615A9AECC0021C203 /* Osprey */ = {
			isa = PBXNativeTarget;
			buildConfigurationList = 1191635815A9AECC0021C203 /* Build configuration list for PBXNativeTarget "Osprey" */;
			buildPhases = (
				1191633315A9AECC0021C203 /* Sources */,
				1191633415A9AECC0021C203 /* Frameworks */,
				1191633515A9AECC0021C203 /* Resources */,
				1131D16E15A9FA4C0030AA78 /* Copy Growl.framework files */,
				11ED0C5915ADDF2E00F0930E /* Copy Sparkle.framwork files */,
			);
			buildRules = (
			);
			dependencies = (
			);
			name = Osprey;
			productName = Osprey;
			productReference = 1191633715A9AECC0021C203 /* Osprey.app */;
			productType = "com.apple.product-type.application";
		};
/* End PBXNativeTarget section */

/* Begin PBXProject section */
		1191632E15A9AECC0021C203 /* Project object */ = {
			isa = PBXProject;
			attributes = {
				LastUpgradeCheck = 0420;
				ORGANIZATIONNAME = "IBM Deutschland GmbH";
			};
			buildConfigurationList = 1191633115A9AECC0021C203 /* Build configuration list for PBXProject "Osprey" */;
			compatibilityVersion = "Xcode 3.2";
			developmentRegion = English;
			hasScannedForEncodings = 0;
			knownRegions = (
				en,
			);
			mainGroup = 1191632C15A9AECC0021C203;
			productRefGroup = 1191633815A9AECC0021C203 /* Products */;
			projectDirPath = "";
			projectRoot = "";
			targets = (
				1191633615A9AECC0021C203 /* Osprey */,
			);
		};
/* End PBXProject section */

/* Begin PBXResourcesBuildPhase section */
		1191633515A9AECC0021C203 /* Resources */ = {
			isa = PBXResourcesBuildPhase;
			buildActionMask = 2147483647;
			files = (
				119164C115A9AF6A0021C203 /* chat.html in Resources */,
				119164C615A9AF740021C203 /* Account.icns in Resources */,
				119164C715A9AF740021C203 /* Appearence.icns in Resources */,
				119164C815A9AF740021C203 /* Developer.icns in Resources */,
				119164C915A9AF740021C203 /* General.icns in Resources */,
				1191653D15A9AFAD0021C203 /* plus.png in Resources */,
				115B0AEC15A9B600001EB763 /* chatView.xib in Resources */,
				115B0AEE15A9B614001EB763 /* MainMenu.xib in Resources */,
				115B0AF015A9B62A001EB763 /* Credits.rtf in Resources */,
				11ED0C5C15ADE20600F0930E /* sparklePublicDSAKey.pem in Resources */,
				11EA735815B230BF00EF1DC6 /* rosterView.xib in Resources */,
			);
			runOnlyForDeploymentPostprocessing = 0;
		};
/* End PBXResourcesBuildPhase section */

/* Begin PBXSourcesBuildPhase section */
		1191633315A9AECC0021C203 /* Sources */ = {
			isa = PBXSourcesBuildPhase;
			buildActionMask = 2147483647;
			files = (
				1191651A15A9AFAD0021C203 /* INKeychainAccess.m in Sources */,
				1191651B15A9AFAD0021C203 /* INPopoverController.m in Sources */,
				1191651C15A9AFAD0021C203 /* INPopoverParentWindow.m in Sources */,
				1191651D15A9AFAD0021C203 /* INPopoverWindow.m in Sources */,
				1191651E15A9AFAD0021C203 /* INPopoverWindowFrame.m in Sources */,
				1191651F15A9AFAD0021C203 /* main.m in Sources */,
				1191652015A9AFAD0021C203 /* NSColor+HexAdditions.m in Sources */,
				1191652115A9AFAD0021C203 /* OSPAppDelegate.m in Sources */,
				1191652215A9AFAD0021C203 /* OSPAutomationController.m in Sources */,
				1191652315A9AFAD0021C203 /* OSPChatController.m in Sources */,
				1191652415A9AFAD0021C203 /* OSPChatViewController.m in Sources */,
				1191652515A9AFAD0021C203 /* OSPConnectedBooleanToTextTransformer.m in Sources */,
				1191652615A9AFAD0021C203 /* OSPConnectionStateToAuthenticatedTransformer.m in Sources */,
				1191652715A9AFAD0021C203 /* OSPConnectionStateToNotAuthenticatedTransformer.m in Sources */,
				1191652815A9AFAD0021C203 /* OSPConnectionStateToNotConnectedTransformer.m in Sources */,
				1191652915A9AFAD0021C203 /* OSPConnectionStateToStringTransformer.m in Sources */,
				1191652A15A9AFAD0021C203 /* OSPCoreDataToNSImageTransformer.m in Sources */,
				1191652B15A9AFAD0021C203 /* OSPNotificationController.m in Sources */,
				1191652C15A9AFAD0021C203 /* OSPPopoverHeaderView.m in Sources */,
				1191652D15A9AFAD0021C203 /* OSPPreferencesController.m in Sources */,
				1191652F15A9AFAD0021C203 /* OSPRosterController.m in Sources */,
				1191653015A9AFAD0021C203 /* OSPRosterImageCell.m in Sources */,
				1191653115A9AFAD0021C203 /* OSPRosterTableCellView.m in Sources */,
				1191653215A9AFAD0021C203 /* OSPSecureTextField.m in Sources */,
				1191653315A9AFAD0021C203 /* OSPSplitView.m in Sources */,
				1191653415A9AFAD0021C203 /* OSPStatusController.m in Sources */,
				1191653515A9AFAD0021C203 /* OSPTableRowView.m in Sources */,
				1191653615A9AFAD0021C203 /* OSPTableView.m in Sources */,
				1191653715A9AFAD0021C203 /* OSPTextField.m in Sources */,
				1191653815A9AFAD0021C203 /* OSPTitleBarShadowView.m in Sources */,
				1191653915A9AFAD0021C203 /* OSPTitleBarView.m in Sources */,
				1191653A15A9AFAD0021C203 /* OSPXMPPResourceToStatusTextTransformer.m in Sources */,
				1131D16215A9F6D00030AA78 /* INAppStoreWindow.m in Sources */,
				118FC00715B2269400B10E4A /* XMPPAttentionModule.m in Sources */,
				118FC00815B2269400B10E4A /* XMPPMessage+XEP_0224.m in Sources */,
				118FC00915B2269400B10E4A /* XMPPPresence+NiceShow.m in Sources */,
				11EA735E15B231B100EF1DC6 /* OSPUserCoreDataStorageObject.m in Sources */,
				11EA736715B2388E00EF1DC6 /* OSPRosterCoreDataStorage.m in Sources */,
			);
			runOnlyForDeploymentPostprocessing = 0;
		};
/* End PBXSourcesBuildPhase section */

/* Begin XCBuildConfiguration section */
		1191635615A9AECC0021C203 /* Debug */ = {
			isa = XCBuildConfiguration;
			buildSettings = {
				ALWAYS_SEARCH_USER_PATHS = NO;
				ARCHS = "$(ARCHS_STANDARD_64_BIT)";
				CLANG_ENABLE_OBJC_ARC = YES;
				COPY_PHASE_STRIP = NO;
				GCC_C_LANGUAGE_STANDARD = gnu99;
				GCC_DYNAMIC_NO_PIC = NO;
				GCC_ENABLE_OBJC_EXCEPTIONS = YES;
				GCC_OPTIMIZATION_LEVEL = 0;
				GCC_PREPROCESSOR_DEFINITIONS = (
					"DEBUG=1",
					"$(inherited)",
				);
				GCC_SYMBOLS_PRIVATE_EXTERN = NO;
				GCC_VERSION = com.apple.compilers.llvm.clang.1_0;
				GCC_WARN_64_TO_32_BIT_CONVERSION = YES;
				GCC_WARN_ABOUT_MISSING_PROTOTYPES = YES;
				GCC_WARN_ABOUT_RETURN_TYPE = YES;
				GCC_WARN_UNUSED_VARIABLE = YES;
				MACOSX_DEPLOYMENT_TARGET = 10.7;
				ONLY_ACTIVE_ARCH = YES;
				SDKROOT = macosx;
			};
			name = Debug;
		};
		1191635715A9AECC0021C203 /* Release */ = {
			isa = XCBuildConfiguration;
			buildSettings = {
				ALWAYS_SEARCH_USER_PATHS = NO;
				ARCHS = "$(ARCHS_STANDARD_64_BIT)";
				CLANG_ENABLE_OBJC_ARC = YES;
				COPY_PHASE_STRIP = YES;
				DEBUG_INFORMATION_FORMAT = "dwarf-with-dsym";
				GCC_C_LANGUAGE_STANDARD = gnu99;
				GCC_ENABLE_OBJC_EXCEPTIONS = YES;
				GCC_VERSION = com.apple.compilers.llvm.clang.1_0;
				GCC_WARN_64_TO_32_BIT_CONVERSION = YES;
				GCC_WARN_ABOUT_MISSING_PROTOTYPES = YES;
				GCC_WARN_ABOUT_RETURN_TYPE = YES;
				GCC_WARN_UNUSED_VARIABLE = YES;
				MACOSX_DEPLOYMENT_TARGET = 10.7;
				SDKROOT = macosx;
			};
			name = Release;
		};
		1191635915A9AECC0021C203 /* Debug */ = {
			isa = XCBuildConfiguration;
			buildSettings = {
				FRAMEWORK_SEARCH_PATHS = (
					"$(inherited)",
					"\"$(SRCROOT)\"",
					"\"$(SRCROOT)/Osprey\"",
				);
				GCC_PRECOMPILE_PREFIX_HEADER = YES;
				GCC_PREFIX_HEADER = "Osprey/Osprey-Prefix.pch";
				HEADER_SEARCH_PATHS = "/usr/include/libxml2/**";
				INFOPLIST_FILE = Osprey/Info.plist;
				LIBRARY_SEARCH_PATHS = (
					"$(inherited)",
					"\"$(SRCROOT)/Osprey/XMPPFramework/Vendor/libidn\"",
				);
				OTHER_LDFLAGS = "-lxml2";
				PRODUCT_NAME = "$(TARGET_NAME)";
				WRAPPER_EXTENSION = app;
			};
			name = Debug;
		};
		1191635A15A9AECC0021C203 /* Release */ = {
			isa = XCBuildConfiguration;
			buildSettings = {
				FRAMEWORK_SEARCH_PATHS = (
					"$(inherited)",
					"\"$(SRCROOT)\"",
					"\"$(SRCROOT)/Osprey\"",
				);
				GCC_PRECOMPILE_PREFIX_HEADER = YES;
				GCC_PREFIX_HEADER = "Osprey/Osprey-Prefix.pch";
				HEADER_SEARCH_PATHS = "/usr/include/libxml2/**";
				INFOPLIST_FILE = Osprey/Info.plist;
				LIBRARY_SEARCH_PATHS = (
					"$(inherited)",
					"\"$(SRCROOT)/Osprey/XMPPFramework/Vendor/libidn\"",
				);
				OTHER_LDFLAGS = "-lxml2";
				PRODUCT_NAME = "$(TARGET_NAME)";
				WRAPPER_EXTENSION = app;
			};
			name = Release;
		};
/* End XCBuildConfiguration section */

/* Begin XCConfigurationList section */
		1191633115A9AECC0021C203 /* Build configuration list for PBXProject "Osprey" */ = {
			isa = XCConfigurationList;
			buildConfigurations = (
				1191635615A9AECC0021C203 /* Debug */,
				1191635715A9AECC0021C203 /* Release */,
			);
			defaultConfigurationIsVisible = 0;
			defaultConfigurationName = Release;
		};
		1191635815A9AECC0021C203 /* Build configuration list for PBXNativeTarget "Osprey" */ = {
			isa = XCConfigurationList;
			buildConfigurations = (
				1191635915A9AECC0021C203 /* Debug */,
				1191635A15A9AECC0021C203 /* Release */,
			);
			defaultConfigurationIsVisible = 0;
			defaultConfigurationName = Release;
		};
/* End XCConfigurationList section */
	};
	rootObject = 1191632E15A9AECC0021C203 /* Project object */;
}
