// !$*UTF8*$!
{
	archiveVersion = 1;
	classes = {
	};
	objectVersion = 46;
	objects = {

/* Begin PBXBuildFile section */
		1191633C15A9AECC0021C203 /* Cocoa.framework in Frameworks */ = {isa = PBXBuildFile; fileRef = 1191633B15A9AECC0021C203 /* Cocoa.framework */; };
		1191634615A9AECC0021C203 /* InfoPlist.strings in Resources */ = {isa = PBXBuildFile; fileRef = 1191634415A9AECC0021C203 /* InfoPlist.strings */; };
		1191634815A9AECC0021C203 /* main.m in Sources */ = {isa = PBXBuildFile; fileRef = 1191634715A9AECC0021C203 /* main.m */; };
		1191634C15A9AECC0021C203 /* Credits.rtf in Resources */ = {isa = PBXBuildFile; fileRef = 1191634A15A9AECC0021C203 /* Credits.rtf */; };
		1191634F15A9AECC0021C203 /* SAYAppDelegate.m in Sources */ = {isa = PBXBuildFile; fileRef = 1191634E15A9AECC0021C203 /* SAYAppDelegate.m */; };
		1191635215A9AECC0021C203 /* MainMenu.xib in Resources */ = {isa = PBXBuildFile; fileRef = 1191635015A9AECC0021C203 /* MainMenu.xib */; };
		1191635515A9AECC0021C203 /* Osprey.xcdatamodeld in Sources */ = {isa = PBXBuildFile; fileRef = 1191635315A9AECC0021C203 /* Osprey.xcdatamodeld */; };
/* End PBXBuildFile section */

/* Begin PBXFileReference section */
		1191633715A9AECC0021C203 /* Osprey.app */ = {isa = PBXFileReference; explicitFileType = wrapper.application; includeInIndex = 0; path = Osprey.app; sourceTree = BUILT_PRODUCTS_DIR; };
		1191633B15A9AECC0021C203 /* Cocoa.framework */ = {isa = PBXFileReference; lastKnownFileType = wrapper.framework; name = Cocoa.framework; path = System/Library/Frameworks/Cocoa.framework; sourceTree = SDKROOT; };
		1191633E15A9AECC0021C203 /* AppKit.framework */ = {isa = PBXFileReference; lastKnownFileType = wrapper.framework; name = AppKit.framework; path = System/Library/Frameworks/AppKit.framework; sourceTree = SDKROOT; };
		1191633F15A9AECC0021C203 /* CoreData.framework */ = {isa = PBXFileReference; lastKnownFileType = wrapper.framework; name = CoreData.framework; path = System/Library/Frameworks/CoreData.framework; sourceTree = SDKROOT; };
		1191634015A9AECC0021C203 /* Foundation.framework */ = {isa = PBXFileReference; lastKnownFileType = wrapper.framework; name = Foundation.framework; path = System/Library/Frameworks/Foundation.framework; sourceTree = SDKROOT; };
		1191634315A9AECC0021C203 /* Osprey-Info.plist */ = {isa = PBXFileReference; path = "Osprey-Info.plist"; sourceTree = "<group>"; };
		1191634515A9AECC0021C203 /* en */ = {isa = PBXFileReference; lastKnownFileType = text.plist.strings; name = en; path = en.lproj/InfoPlist.strings; sourceTree = "<group>"; };
		1191634715A9AECC0021C203 /* main.m */ = {isa = PBXFileReference; lastKnownFileType = sourcecode.c.objc; path = main.m; sourceTree = "<group>"; };
		1191634915A9AECC0021C203 /* Osprey-Prefix.pch */ = {isa = PBXFileReference; path = "Osprey-Prefix.pch"; sourceTree = "<group>"; };
		1191634B15A9AECC0021C203 /* en */ = {isa = PBXFileReference; lastKnownFileType = text.rtf; name = en; path = en.lproj/Credits.rtf; sourceTree = "<group>"; };
		1191634D15A9AECC0021C203 /* SAYAppDelegate.h */ = {isa = PBXFileReference; path = SAYAppDelegate.h; sourceTree = "<group>"; };
		1191634E15A9AECC0021C203 /* SAYAppDelegate.m */ = {isa = PBXFileReference; lastKnownFileType = sourcecode.c.objc; path = SAYAppDelegate.m; sourceTree = "<group>"; };
		1191635115A9AECC0021C203 /* en */ = {isa = PBXFileReference; lastKnownFileType = file.xib; name = en; path = en.lproj/MainMenu.xib; sourceTree = "<group>"; };
		1191635415A9AECC0021C203 /* Osprey.xcdatamodel */ = {isa = PBXFileReference; lastKnownFileType = wrapper.xcdatamodel; path = Osprey.xcdatamodel; sourceTree = "<group>"; };
/* End PBXFileReference section */

/* Begin PBXFrameworksBuildPhase section */
		1191633415A9AECC0021C203 /* Frameworks */ = {
			isa = PBXFrameworksBuildPhase;
			buildActionMask = 2147483647;
			files = (
				1191633C15A9AECC0021C203 /* Cocoa.framework in Frameworks */,
			);
			runOnlyForDeploymentPostprocessing = 0;
		};
/* End PBXFrameworksBuildPhase section */

/* Begin PBXGroup section */
		1191632C15A9AECC0021C203 = {
			isa = PBXGroup;
			children = (
				1191634115A9AECC0021C203 /* Osprey */,
				1191633A15A9AECC0021C203 /* Frameworks */,
				1191633815A9AECC0021C203 /* Products */,
			);
			sourceTree = "<group>";
		};
		1191633815A9AECC0021C203 /* Products */ = {
			isa = PBXGroup;
			children = (
				1191633715A9AECC0021C203 /* Osprey.app */,
			);
			name = Products;
			sourceTree = "<group>";
		};
		1191633A15A9AECC0021C203 /* Frameworks */ = {
			isa = PBXGroup;
			children = (
				1191633B15A9AECC0021C203 /* Cocoa.framework */,
				1191633D15A9AECC0021C203 /* Other Frameworks */,
			);
			name = Frameworks;
			sourceTree = "<group>";
		};
		1191633D15A9AECC0021C203 /* Other Frameworks */ = {
			isa = PBXGroup;
			children = (
				1191633E15A9AECC0021C203 /* AppKit.framework */,
				1191633F15A9AECC0021C203 /* CoreData.framework */,
				1191634015A9AECC0021C203 /* Foundation.framework */,
			);
			name = "Other Frameworks";
			sourceTree = "<group>";
		};
		1191634115A9AECC0021C203 /* Osprey */ = {
			isa = PBXGroup;
			children = (
				1191634D15A9AECC0021C203 /* SAYAppDelegate.h */,
				1191634E15A9AECC0021C203 /* SAYAppDelegate.m */,
				1191635015A9AECC0021C203 /* MainMenu.xib */,
				1191635315A9AECC0021C203 /* Osprey.xcdatamodeld */,
				1191634215A9AECC0021C203 /* Supporting Files */,
			);
			path = Osprey;
			sourceTree = "<group>";
		};
		1191634215A9AECC0021C203 /* Supporting Files */ = {
			isa = PBXGroup;
			children = (
				1191634315A9AECC0021C203 /* Osprey-Info.plist */,
				1191634415A9AECC0021C203 /* InfoPlist.strings */,
				1191634715A9AECC0021C203 /* main.m */,
				1191634915A9AECC0021C203 /* Osprey-Prefix.pch */,
				1191634A15A9AECC0021C203 /* Credits.rtf */,
			);
			name = "Supporting Files";
			sourceTree = "<group>";
		};
/* End PBXGroup section */

/* Begin PBXNativeTarget section */
		1191633615A9AECC0021C203 /* Osprey */ = {
			isa = PBXNativeTarget;
			buildConfigurationList = 1191635815A9AECC0021C203 /* Build configuration list for PBXNativeTarget "Osprey" */;
			buildPhases = (
				1191633315A9AECC0021C203 /* Sources */,
				1191633415A9AECC0021C203 /* Frameworks */,
				1191633515A9AECC0021C203 /* Resources */,
			);
			buildRules = (
			);
			dependencies = (
			);
			name = Osprey;
			productName = Osprey;
			productReference = 1191633715A9AECC0021C203 /* Osprey.app */;
			productType = "com.apple.product-type.application";
		};
/* End PBXNativeTarget section */

/* Begin PBXProject section */
		1191632E15A9AECC0021C203 /* Project object */ = {
			isa = PBXProject;
			attributes = {
				LastUpgradeCheck = 0420;
				ORGANIZATIONNAME = "IBM Deutschland GmbH";
			};
			buildConfigurationList = 1191633115A9AECC0021C203 /* Build configuration list for PBXProject "Osprey" */;
			compatibilityVersion = "Xcode 3.2";
			developmentRegion = English;
			hasScannedForEncodings = 0;
			knownRegions = (
				en,
			);
			mainGroup = 1191632C15A9AECC0021C203;
			productRefGroup = 1191633815A9AECC0021C203 /* Products */;
			projectDirPath = "";
			projectRoot = "";
			targets = (
				1191633615A9AECC0021C203 /* Osprey */,
			);
		};
/* End PBXProject section */

/* Begin PBXResourcesBuildPhase section */
		1191633515A9AECC0021C203 /* Resources */ = {
			isa = PBXResourcesBuildPhase;
			buildActionMask = 2147483647;
			files = (
				1191634615A9AECC0021C203 /* InfoPlist.strings in Resources */,
				1191634C15A9AECC0021C203 /* Credits.rtf in Resources */,
				1191635215A9AECC0021C203 /* MainMenu.xib in Resources */,
			);
			runOnlyForDeploymentPostprocessing = 0;
		};
/* End PBXResourcesBuildPhase section */

/* Begin PBXSourcesBuildPhase section */
		1191633315A9AECC0021C203 /* Sources */ = {
			isa = PBXSourcesBuildPhase;
			buildActionMask = 2147483647;
			files = (
				1191634815A9AECC0021C203 /* main.m in Sources */,
				1191634F15A9AECC0021C203 /* SAYAppDelegate.m in Sources */,
				1191635515A9AECC0021C203 /* Osprey.xcdatamodeld in Sources */,
			);
			runOnlyForDeploymentPostprocessing = 0;
		};
/* End PBXSourcesBuildPhase section */

/* Begin PBXVariantGroup section */
		1191634415A9AECC0021C203 /* InfoPlist.strings */ = {
			isa = PBXVariantGroup;
			children = (
				1191634515A9AECC0021C203 /* en */,
			);
			name = InfoPlist.strings;
			sourceTree = "<group>";
		};
		1191634A15A9AECC0021C203 /* Credits.rtf */ = {
			isa = PBXVariantGroup;
			children = (
				1191634B15A9AECC0021C203 /* en */,
			);
			name = Credits.rtf;
			sourceTree = "<group>";
		};
		1191635015A9AECC0021C203 /* MainMenu.xib */ = {
			isa = PBXVariantGroup;
			children = (
				1191635115A9AECC0021C203 /* en */,
			);
			name = MainMenu.xib;
			sourceTree = "<group>";
		};
/* End PBXVariantGroup section */

/* Begin XCBuildConfiguration section */
		1191635615A9AECC0021C203 /* Debug */ = {
			isa = XCBuildConfiguration;
			buildSettings = {
				ALWAYS_SEARCH_USER_PATHS = NO;
				ARCHS = "$(ARCHS_STANDARD_64_BIT)";
				CLANG_ENABLE_OBJC_ARC = YES;
				COPY_PHASE_STRIP = NO;
				GCC_C_LANGUAGE_STANDARD = gnu99;
				GCC_DYNAMIC_NO_PIC = NO;
				GCC_ENABLE_OBJC_EXCEPTIONS = YES;
				GCC_OPTIMIZATION_LEVEL = 0;
				GCC_PREPROCESSOR_DEFINITIONS = (
					"DEBUG=1",
					"$(inherited)",
				);
				GCC_SYMBOLS_PRIVATE_EXTERN = NO;
				GCC_VERSION = com.apple.compilers.llvm.clang.1_0;
				GCC_WARN_64_TO_32_BIT_CONVERSION = YES;
				GCC_WARN_ABOUT_MISSING_PROTOTYPES = YES;
				GCC_WARN_ABOUT_RETURN_TYPE = YES;
				GCC_WARN_UNUSED_VARIABLE = YES;
				MACOSX_DEPLOYMENT_TARGET = 10.7;
				ONLY_ACTIVE_ARCH = YES;
				SDKROOT = macosx;
			};
			name = Debug;
		};
		1191635715A9AECC0021C203 /* Release */ = {
			isa = XCBuildConfiguration;
			buildSettings = {
				ALWAYS_SEARCH_USER_PATHS = NO;
				ARCHS = "$(ARCHS_STANDARD_64_BIT)";
				CLANG_ENABLE_OBJC_ARC = YES;
				COPY_PHASE_STRIP = YES;
				DEBUG_INFORMATION_FORMAT = "dwarf-with-dsym";
				GCC_C_LANGUAGE_STANDARD = gnu99;
				GCC_ENABLE_OBJC_EXCEPTIONS = YES;
				GCC_VERSION = com.apple.compilers.llvm.clang.1_0;
				GCC_WARN_64_TO_32_BIT_CONVERSION = YES;
				GCC_WARN_ABOUT_MISSING_PROTOTYPES = YES;
				GCC_WARN_ABOUT_RETURN_TYPE = YES;
				GCC_WARN_UNUSED_VARIABLE = YES;
				MACOSX_DEPLOYMENT_TARGET = 10.7;
				SDKROOT = macosx;
			};
			name = Release;
		};
		1191635915A9AECC0021C203 /* Debug */ = {
			isa = XCBuildConfiguration;
			buildSettings = {
				GCC_PRECOMPILE_PREFIX_HEADER = YES;
				GCC_PREFIX_HEADER = "Osprey/Osprey-Prefix.pch";
				INFOPLIST_FILE = "Osprey/Osprey-Info.plist";
				PRODUCT_NAME = "$(TARGET_NAME)";
				WRAPPER_EXTENSION = app;
			};
			name = Debug;
		};
		1191635A15A9AECC0021C203 /* Release */ = {
			isa = XCBuildConfiguration;
			buildSettings = {
				GCC_PRECOMPILE_PREFIX_HEADER = YES;
				GCC_PREFIX_HEADER = "Osprey/Osprey-Prefix.pch";
				INFOPLIST_FILE = "Osprey/Osprey-Info.plist";
				PRODUCT_NAME = "$(TARGET_NAME)";
				WRAPPER_EXTENSION = app;
			};
			name = Release;
		};
/* End XCBuildConfiguration section */

/* Begin XCConfigurationList section */
		1191633115A9AECC0021C203 /* Build configuration list for PBXProject "Osprey" */ = {
			isa = XCConfigurationList;
			buildConfigurations = (
				1191635615A9AECC0021C203 /* Debug */,
				1191635715A9AECC0021C203 /* Release */,
			);
			defaultConfigurationIsVisible = 0;
			defaultConfigurationName = Release;
		};
		1191635815A9AECC0021C203 /* Build configuration list for PBXNativeTarget "Osprey" */ = {
			isa = XCConfigurationList;
			buildConfigurations = (
				1191635915A9AECC0021C203 /* Debug */,
				1191635A15A9AECC0021C203 /* Release */,
			);
			defaultConfigurationIsVisible = 0;
		};
/* End XCConfigurationList section */

/* Begin XCVersionGroup section */
		1191635315A9AECC0021C203 /* Osprey.xcdatamodeld */ = {
			isa = XCVersionGroup;
			children = (
				1191635415A9AECC0021C203 /* Osprey.xcdatamodel */,
			);
			currentVersion = 1191635415A9AECC0021C203 /* Osprey.xcdatamodel */;
			path = Osprey.xcdatamodeld;
			sourceTree = "<group>";
			versionGroupType = wrapper.xcdatamodel;
		};
/* End XCVersionGroup section */
	};
	rootObject = 1191632E15A9AECC0021C203 /* Project object */;
}
